
Microsoft Visual Studio Solution File, Format Version 12.00
# Visual Studio Version 17
VisualStudioVersion = 17.13.35825.156
MinimumVisualStudioVersion = 10.0.40219.1
Project("{9A19103F-16F7-4668-BE54-9A1E7A4F7556}") = "lab2-Knapsack", "lab2-Knapsack\lab2-Knapsack.csproj", "{264ABA1E-5B8A-46E2-BE31-0979BB148C19}"
EndProject
Project("{FAE04EC0-301F-11D3-BF4B-00C04F79EFBC}") = "UnitTests", "UnitTests\UnitTests.csproj", "{5B67C4CE-0ED6-452C-A8DA-7B6698720DF7}"
EndProject
Global
	GlobalSection(SolutionConfigurationPlatforms) = preSolution
		Debug|Any CPU = Debug|Any CPU
		Release|Any CPU = Release|Any CPU
	EndGlobalSection
	GlobalSection(ProjectConfigurationPlatforms) = postSolution
		{264ABA1E-5B8A-46E2-BE31-0979BB148C19}.Debug|Any CPU.ActiveCfg = Debug|Any CPU
		{264ABA1E-5B8A-46E2-BE31-0979BB148C19}.Debug|Any CPU.Build.0 = Debug|Any CPU
		{264ABA1E-5B8A-46E2-BE31-0979BB148C19}.Release|Any CPU.ActiveCfg = Release|Any CPU
		{264ABA1E-5B8A-46E2-BE31-0979BB148C19}.Release|Any CPU.Build.0 = Release|Any CPU
		{5B67C4CE-0ED6-452C-A8DA-7B6698720DF7}.Debug|Any CPU.ActiveCfg = Debug|Any CPU
		{5B67C4CE-0ED6-452C-A8DA-7B6698720DF7}.Debug|Any CPU.Build.0 = Debug|Any CPU
		{5B67C4CE-0ED6-452C-A8DA-7B6698720DF7}.Release|Any CPU.ActiveCfg = Release|Any CPU
		{5B67C4CE-0ED6-452C-A8DA-7B6698720DF7}.Release|Any CPU.Build.0 = Release|Any CPU
	EndGlobalSection
	GlobalSection(SolutionProperties) = preSolution
		HideSolutionNode = FALSE
	EndGlobalSection
	GlobalSection(ExtensibilityGlobals) = postSolution
		SolutionGuid = {CFFE49C3-838A-440A-A944-A8096A6A9AC9}
	EndGlobalSection
EndGlobal
